
Microsoft Visual Studio Solution File, Format Version 12.00
# Visual Studio 2013
VisualStudioVersion = 12.0.21005.1
MinimumVisualStudioVersion = 10.0.40219.1
Project("{FAE04EC0-301F-11D3-BF4B-00C04F79EFBC}") = "Individuellt arbete", "Individuellt arbete\Individuellt arbete.csproj", "{2F568722-42AD-4F88-BBB6-A98EF9F23DFF}"
EndProject
Global
	GlobalSection(SolutionConfigurationPlatforms) = preSolution
		Debug|Any CPU = Debug|Any CPU
		Release|Any CPU = Release|Any CPU
	EndGlobalSection
	GlobalSection(ProjectConfigurationPlatforms) = postSolution
		{2F568722-42AD-4F88-BBB6-A98EF9F23DFF}.Debug|Any CPU.ActiveCfg = Debug|Any CPU
		{2F568722-42AD-4F88-BBB6-A98EF9F23DFF}.Debug|Any CPU.Build.0 = Debug|Any CPU
		{2F568722-42AD-4F88-BBB6-A98EF9F23DFF}.Release|Any CPU.ActiveCfg = Release|Any CPU
		{2F568722-42AD-4F88-BBB6-A98EF9F23DFF}.Release|Any CPU.Build.0 = Release|Any CPU
	EndGlobalSection
	GlobalSection(SolutionProperties) = preSolution
		HideSolutionNode = FALSE
	EndGlobalSection
EndGlobal
